
Microsoft Visual Studio Solution File, Format Version 12.00
# Visual Studio 15
VisualStudioVersion = 15.0.27004.2010
MinimumVisualStudioVersion = 10.0.40219.1
Project("{FAE04EC0-301F-11D3-BF4B-00C04F79EFBC}") = "EconToolsExcel", "EconToolsExcel\EconToolsExcel.csproj", "{EE1DE6A5-66A6-48E3-B985-A167607E1E97}"
EndProject
Project("{FAE04EC0-301F-11D3-BF4B-00C04F79EFBC}") = "DividendFlowCalculator", "DividendFlowCalculator\DividendFlowCalculator.csproj", "{FFBC9563-7082-4D48-9182-12EDC1537D23}"
EndProject
Project("{FAE04EC0-301F-11D3-BF4B-00C04F79EFBC}") = "DividendFlowCalculatorTest", "DividendFlowCalculatorTest\DividendFlowCalculatorTest.csproj", "{E1308FAC-E0CD-4534-857B-1FAEE8CBB0FE}"
EndProject
Project("{FAE04EC0-301F-11D3-BF4B-00C04F79EFBC}") = "EconToolsConsole", "EconToolsConsole\EconToolsConsole.csproj", "{A2DE6914-7EF2-4871-B269-FCA2E87EA338}"
EndProject
Project("{FAE04EC0-301F-11D3-BF4B-00C04F79EFBC}") = "EconToolsGui", "EconToolsGui\EconToolsGui.csproj", "{319D2282-A7F5-48A2-8A2B-D8064F429159}"
EndProject
Project("{840C416C-B8F3-42BC-B0DD-F6BB14C9F8CB}") = "EconToolsExcelSetup", "EconToolsExcelSetup\EconToolsExcelSetup.aiproj", "{A15C444F-261C-4487-8282-DE0A50F2A573}"
EndProject
Global
	GlobalSection(SolutionConfigurationPlatforms) = preSolution
		Debug|Any CPU = Debug|Any CPU
		Debug|x86 = Debug|x86
		DefaultBuild|Any CPU = DefaultBuild|Any CPU
		DefaultBuild|x86 = DefaultBuild|x86
		Release|Any CPU = Release|Any CPU
		Release|x86 = Release|x86
	EndGlobalSection
	GlobalSection(ProjectConfigurationPlatforms) = postSolution
		{EE1DE6A5-66A6-48E3-B985-A167607E1E97}.Debug|Any CPU.ActiveCfg = Debug|Any CPU
		{EE1DE6A5-66A6-48E3-B985-A167607E1E97}.Debug|Any CPU.Build.0 = Debug|Any CPU
		{EE1DE6A5-66A6-48E3-B985-A167607E1E97}.Debug|x86.ActiveCfg = Debug|Any CPU
		{EE1DE6A5-66A6-48E3-B985-A167607E1E97}.Debug|x86.Build.0 = Debug|Any CPU
		{EE1DE6A5-66A6-48E3-B985-A167607E1E97}.DefaultBuild|Any CPU.ActiveCfg = Debug|Any CPU
		{EE1DE6A5-66A6-48E3-B985-A167607E1E97}.DefaultBuild|Any CPU.Build.0 = Debug|Any CPU
		{EE1DE6A5-66A6-48E3-B985-A167607E1E97}.DefaultBuild|x86.ActiveCfg = Debug|Any CPU
		{EE1DE6A5-66A6-48E3-B985-A167607E1E97}.DefaultBuild|x86.Build.0 = Debug|Any CPU
		{EE1DE6A5-66A6-48E3-B985-A167607E1E97}.Release|Any CPU.ActiveCfg = Release|Any CPU
		{EE1DE6A5-66A6-48E3-B985-A167607E1E97}.Release|Any CPU.Build.0 = Release|Any CPU
		{EE1DE6A5-66A6-48E3-B985-A167607E1E97}.Release|x86.ActiveCfg = Release|Any CPU
		{EE1DE6A5-66A6-48E3-B985-A167607E1E97}.Release|x86.Build.0 = Release|Any CPU
		{FFBC9563-7082-4D48-9182-12EDC1537D23}.Debug|Any CPU.ActiveCfg = Debug|Any CPU
		{FFBC9563-7082-4D48-9182-12EDC1537D23}.Debug|Any CPU.Build.0 = Debug|Any CPU
		{FFBC9563-7082-4D48-9182-12EDC1537D23}.Debug|x86.ActiveCfg = Debug|Any CPU
		{FFBC9563-7082-4D48-9182-12EDC1537D23}.Debug|x86.Build.0 = Debug|Any CPU
		{FFBC9563-7082-4D48-9182-12EDC1537D23}.DefaultBuild|Any CPU.ActiveCfg = Debug|Any CPU
		{FFBC9563-7082-4D48-9182-12EDC1537D23}.DefaultBuild|Any CPU.Build.0 = Debug|Any CPU
		{FFBC9563-7082-4D48-9182-12EDC1537D23}.DefaultBuild|x86.ActiveCfg = Debug|Any CPU
		{FFBC9563-7082-4D48-9182-12EDC1537D23}.DefaultBuild|x86.Build.0 = Debug|Any CPU
		{FFBC9563-7082-4D48-9182-12EDC1537D23}.Release|Any CPU.ActiveCfg = Release|Any CPU
		{FFBC9563-7082-4D48-9182-12EDC1537D23}.Release|Any CPU.Build.0 = Release|Any CPU
		{FFBC9563-7082-4D48-9182-12EDC1537D23}.Release|x86.ActiveCfg = Release|Any CPU
		{FFBC9563-7082-4D48-9182-12EDC1537D23}.Release|x86.Build.0 = Release|Any CPU
		{E1308FAC-E0CD-4534-857B-1FAEE8CBB0FE}.Debug|Any CPU.ActiveCfg = Debug|Any CPU
		{E1308FAC-E0CD-4534-857B-1FAEE8CBB0FE}.Debug|Any CPU.Build.0 = Debug|Any CPU
		{E1308FAC-E0CD-4534-857B-1FAEE8CBB0FE}.Debug|x86.ActiveCfg = Debug|Any CPU
		{E1308FAC-E0CD-4534-857B-1FAEE8CBB0FE}.Debug|x86.Build.0 = Debug|Any CPU
		{E1308FAC-E0CD-4534-857B-1FAEE8CBB0FE}.DefaultBuild|Any CPU.ActiveCfg = Debug|Any CPU
		{E1308FAC-E0CD-4534-857B-1FAEE8CBB0FE}.DefaultBuild|Any CPU.Build.0 = Debug|Any CPU
		{E1308FAC-E0CD-4534-857B-1FAEE8CBB0FE}.DefaultBuild|x86.ActiveCfg = Debug|Any CPU
		{E1308FAC-E0CD-4534-857B-1FAEE8CBB0FE}.DefaultBuild|x86.Build.0 = Debug|Any CPU
		{E1308FAC-E0CD-4534-857B-1FAEE8CBB0FE}.Release|Any CPU.ActiveCfg = Release|Any CPU
		{E1308FAC-E0CD-4534-857B-1FAEE8CBB0FE}.Release|Any CPU.Build.0 = Release|Any CPU
		{E1308FAC-E0CD-4534-857B-1FAEE8CBB0FE}.Release|x86.ActiveCfg = Release|Any CPU
		{E1308FAC-E0CD-4534-857B-1FAEE8CBB0FE}.Release|x86.Build.0 = Release|Any CPU
		{A2DE6914-7EF2-4871-B269-FCA2E87EA338}.Debug|Any CPU.ActiveCfg = Debug|Any CPU
		{A2DE6914-7EF2-4871-B269-FCA2E87EA338}.Debug|Any CPU.Build.0 = Debug|Any CPU
		{A2DE6914-7EF2-4871-B269-FCA2E87EA338}.Debug|x86.ActiveCfg = Debug|x86
		{A2DE6914-7EF2-4871-B269-FCA2E87EA338}.Debug|x86.Build.0 = Debug|x86
		{A2DE6914-7EF2-4871-B269-FCA2E87EA338}.DefaultBuild|Any CPU.ActiveCfg = Debug|Any CPU
		{A2DE6914-7EF2-4871-B269-FCA2E87EA338}.DefaultBuild|Any CPU.Build.0 = Debug|Any CPU
		{A2DE6914-7EF2-4871-B269-FCA2E87EA338}.DefaultBuild|x86.ActiveCfg = Debug|x86
		{A2DE6914-7EF2-4871-B269-FCA2E87EA338}.DefaultBuild|x86.Build.0 = Debug|x86
		{A2DE6914-7EF2-4871-B269-FCA2E87EA338}.Release|Any CPU.ActiveCfg = Release|Any CPU
		{A2DE6914-7EF2-4871-B269-FCA2E87EA338}.Release|Any CPU.Build.0 = Release|Any CPU
		{A2DE6914-7EF2-4871-B269-FCA2E87EA338}.Release|x86.ActiveCfg = Release|x86
		{A2DE6914-7EF2-4871-B269-FCA2E87EA338}.Release|x86.Build.0 = Release|x86
		{319D2282-A7F5-48A2-8A2B-D8064F429159}.Debug|Any CPU.ActiveCfg = Debug|Any CPU
		{319D2282-A7F5-48A2-8A2B-D8064F429159}.Debug|Any CPU.Build.0 = Debug|Any CPU
		{319D2282-A7F5-48A2-8A2B-D8064F429159}.Debug|x86.ActiveCfg = Debug|x86
		{319D2282-A7F5-48A2-8A2B-D8064F429159}.Debug|x86.Build.0 = Debug|x86
		{319D2282-A7F5-48A2-8A2B-D8064F429159}.DefaultBuild|Any CPU.ActiveCfg = Debug|Any CPU
		{319D2282-A7F5-48A2-8A2B-D8064F429159}.DefaultBuild|Any CPU.Build.0 = Debug|Any CPU
		{319D2282-A7F5-48A2-8A2B-D8064F429159}.DefaultBuild|x86.ActiveCfg = Debug|x86
		{319D2282-A7F5-48A2-8A2B-D8064F429159}.DefaultBuild|x86.Build.0 = Debug|x86
		{319D2282-A7F5-48A2-8A2B-D8064F429159}.Release|Any CPU.ActiveCfg = Release|Any CPU
		{319D2282-A7F5-48A2-8A2B-D8064F429159}.Release|Any CPU.Build.0 = Release|Any CPU
		{319D2282-A7F5-48A2-8A2B-D8064F429159}.Release|x86.ActiveCfg = Release|x86
		{319D2282-A7F5-48A2-8A2B-D8064F429159}.Release|x86.Build.0 = Release|x86
		{A15C444F-261C-4487-8282-DE0A50F2A573}.Debug|Any CPU.ActiveCfg = DefaultBuild
		{A15C444F-261C-4487-8282-DE0A50F2A573}.Debug|Any CPU.Build.0 = DefaultBuild
		{A15C444F-261C-4487-8282-DE0A50F2A573}.Debug|x86.ActiveCfg = DefaultBuild
		{A15C444F-261C-4487-8282-DE0A50F2A573}.Debug|x86.Build.0 = DefaultBuild
		{A15C444F-261C-4487-8282-DE0A50F2A573}.DefaultBuild|Any CPU.ActiveCfg = DefaultBuild
		{A15C444F-261C-4487-8282-DE0A50F2A573}.DefaultBuild|Any CPU.Build.0 = DefaultBuild
		{A15C444F-261C-4487-8282-DE0A50F2A573}.DefaultBuild|x86.ActiveCfg = DefaultBuild
		{A15C444F-261C-4487-8282-DE0A50F2A573}.DefaultBuild|x86.Build.0 = DefaultBuild
		{A15C444F-261C-4487-8282-DE0A50F2A573}.Release|Any CPU.ActiveCfg = DefaultBuild
		{A15C444F-261C-4487-8282-DE0A50F2A573}.Release|Any CPU.Build.0 = DefaultBuild
		{A15C444F-261C-4487-8282-DE0A50F2A573}.Release|x86.ActiveCfg = DefaultBuild
		{A15C444F-261C-4487-8282-DE0A50F2A573}.Release|x86.Build.0 = DefaultBuild
	EndGlobalSection
	GlobalSection(SolutionProperties) = preSolution
		HideSolutionNode = FALSE
	EndGlobalSection
	GlobalSection(ExtensibilityGlobals) = postSolution
		SolutionGuid = {31FA29D4-9816-473C-84C1-498F8EAB0351}
	EndGlobalSection
EndGlobal
