
Microsoft Visual Studio Solution File, Format Version 12.00
# Visual Studio 2012
Project("{FAE04EC0-301F-11D3-BF4B-00C04F79EFBC}") = "EconToolsConsole", "EconToolsConsole\EconToolsConsole.csproj", "{A2DE6914-7EF2-4871-B269-FCA2E87EA338}"
EndProject
Project("{FAE04EC0-301F-11D3-BF4B-00C04F79EFBC}") = "EconToolsGui", "EconToolsGui\EconToolsGui.csproj", "{319D2282-A7F5-48A2-8A2B-D8064F429159}"
EndProject
Project("{FAE04EC0-301F-11D3-BF4B-00C04F79EFBC}") = "DividendsCalc", "DividendsCalc\DividendsCalc.csproj", "{FFBC9563-7082-4D48-9182-12EDC1537D23}"
EndProject
Project("{FAE04EC0-301F-11D3-BF4B-00C04F79EFBC}") = "Helpers", "Helpers\Helpers.csproj", "{9D1492F6-9551-4D45-ACB7-41A58D558A87}"
EndProject
Global
	GlobalSection(SolutionConfigurationPlatforms) = preSolution
		Debug|x86 = Debug|x86
		Release|x86 = Release|x86
	EndGlobalSection
	GlobalSection(ProjectConfigurationPlatforms) = postSolution
		{319D2282-A7F5-48A2-8A2B-D8064F429159}.Debug|x86.ActiveCfg = Debug|x86
		{319D2282-A7F5-48A2-8A2B-D8064F429159}.Debug|x86.Build.0 = Debug|x86
		{319D2282-A7F5-48A2-8A2B-D8064F429159}.Release|x86.ActiveCfg = Release|x86
		{319D2282-A7F5-48A2-8A2B-D8064F429159}.Release|x86.Build.0 = Release|x86
		{9D1492F6-9551-4D45-ACB7-41A58D558A87}.Debug|x86.ActiveCfg = Debug|Any CPU
		{9D1492F6-9551-4D45-ACB7-41A58D558A87}.Debug|x86.Build.0 = Debug|Any CPU
		{9D1492F6-9551-4D45-ACB7-41A58D558A87}.Release|x86.ActiveCfg = Release|Any CPU
		{9D1492F6-9551-4D45-ACB7-41A58D558A87}.Release|x86.Build.0 = Release|Any CPU
		{A2DE6914-7EF2-4871-B269-FCA2E87EA338}.Debug|x86.ActiveCfg = Debug|x86
		{A2DE6914-7EF2-4871-B269-FCA2E87EA338}.Debug|x86.Build.0 = Debug|x86
		{A2DE6914-7EF2-4871-B269-FCA2E87EA338}.Release|x86.ActiveCfg = Release|x86
		{A2DE6914-7EF2-4871-B269-FCA2E87EA338}.Release|x86.Build.0 = Release|x86
		{FFBC9563-7082-4D48-9182-12EDC1537D23}.Debug|x86.ActiveCfg = Debug|Any CPU
		{FFBC9563-7082-4D48-9182-12EDC1537D23}.Debug|x86.Build.0 = Debug|Any CPU
		{FFBC9563-7082-4D48-9182-12EDC1537D23}.Release|x86.ActiveCfg = Release|Any CPU
		{FFBC9563-7082-4D48-9182-12EDC1537D23}.Release|x86.Build.0 = Release|Any CPU
	EndGlobalSection
	GlobalSection(MonoDevelopProperties) = preSolution
		StartupItem = EconToolsGui\EconToolsGui.csproj
	EndGlobalSection
EndGlobal
